// !$*UTF8*$!
{
	archiveVersion = 1;
	classes = {
	};
	objectVersion = 46;
	objects = {

/* Begin PBXBuildFile section */
		6A1F0FB11DB07BF9003D2AE8 /* main.m in Sources */ = {isa = PBXBuildFile; fileRef = 6A1F0FB01DB07BF9003D2AE8 /* main.m */; };
		6A1F0FB41DB07BFA003D2AE8 /* AppDelegate.m in Sources */ = {isa = PBXBuildFile; fileRef = 6A1F0FB31DB07BFA003D2AE8 /* AppDelegate.m */; };
		6A1F0FB71DB07BFA003D2AE8 /* ViewController.m in Sources */ = {isa = PBXBuildFile; fileRef = 6A1F0FB61DB07BFA003D2AE8 /* ViewController.m */; };
		6A1F0FBA1DB07BFA003D2AE8 /* Main.storyboard in Resources */ = {isa = PBXBuildFile; fileRef = 6A1F0FB81DB07BFA003D2AE8 /* Main.storyboard */; };
		6A1F0FBC1DB07BFA003D2AE8 /* Assets.xcassets in Resources */ = {isa = PBXBuildFile; fileRef = 6A1F0FBB1DB07BFA003D2AE8 /* Assets.xcassets */; };
		6A1F0FBF1DB07BFA003D2AE8 /* LaunchScreen.storyboard in Resources */ = {isa = PBXBuildFile; fileRef = 6A1F0FBD1DB07BFA003D2AE8 /* LaunchScreen.storyboard */; };
		6A1F0FCA1DB07BFA003D2AE8 /* ECLRSTests.m in Sources */ = {isa = PBXBuildFile; fileRef = 6A1F0FC91DB07BFA003D2AE8 /* ECLRSTests.m */; };
		6A1F0FD51DB07BFA003D2AE8 /* ECLRSUITests.m in Sources */ = {isa = PBXBuildFile; fileRef = 6A1F0FD41DB07BFA003D2AE8 /* ECLRSUITests.m */; };
/* End PBXBuildFile section */

/* Begin PBXContainerItemProxy section */
		6A1F0FC61DB07BFA003D2AE8 /* PBXContainerItemProxy */ = {
			isa = PBXContainerItemProxy;
			containerPortal = 6A1F0FA41DB07BF9003D2AE8 /* Project object */;
			proxyType = 1;
			remoteGlobalIDString = 6A1F0FAB1DB07BF9003D2AE8;
			remoteInfo = ECLRS;
		};
		6A1F0FD11DB07BFA003D2AE8 /* PBXContainerItemProxy */ = {
			isa = PBXContainerItemProxy;
			containerPortal = 6A1F0FA41DB07BF9003D2AE8 /* Project object */;
			proxyType = 1;
			remoteGlobalIDString = 6A1F0FAB1DB07BF9003D2AE8;
			remoteInfo = ECLRS;
		};
/* End PBXContainerItemProxy section */

/* Begin PBXFileReference section */
		6A1F0FAC1DB07BF9003D2AE8 /* ECLRS.app */ = {isa = PBXFileReference; explicitFileType = wrapper.application; includeInIndex = 0; path = ECLRS.app; sourceTree = BUILT_PRODUCTS_DIR; };
		6A1F0FB01DB07BF9003D2AE8 /* main.m */ = {isa = PBXFileReference; lastKnownFileType = sourcecode.c.objc; path = main.m; sourceTree = "<group>"; };
		6A1F0FB21DB07BFA003D2AE8 /* AppDelegate.h */ = {isa = PBXFileReference; lastKnownFileType = sourcecode.c.h; path = AppDelegate.h; sourceTree = "<group>"; };
		6A1F0FB31DB07BFA003D2AE8 /* AppDelegate.m */ = {isa = PBXFileReference; lastKnownFileType = sourcecode.c.objc; path = AppDelegate.m; sourceTree = "<group>"; };
		6A1F0FB51DB07BFA003D2AE8 /* ViewController.h */ = {isa = PBXFileReference; lastKnownFileType = sourcecode.c.h; path = ViewController.h; sourceTree = "<group>"; };
		6A1F0FB61DB07BFA003D2AE8 /* ViewController.m */ = {isa = PBXFileReference; lastKnownFileType = sourcecode.c.objc; path = ViewController.m; sourceTree = "<group>"; };
		6A1F0FB91DB07BFA003D2AE8 /* Base */ = {isa = PBXFileReference; lastKnownFileType = file.storyboard; name = Base; path = Base.lproj/Main.storyboard; sourceTree = "<group>"; };
		6A1F0FBB1DB07BFA003D2AE8 /* Assets.xcassets */ = {isa = PBXFileReference; lastKnownFileType = folder.assetcatalog; path = Assets.xcassets; sourceTree = "<group>"; };
		6A1F0FBE1DB07BFA003D2AE8 /* Base */ = {isa = PBXFileReference; lastKnownFileType = file.storyboard; name = Base; path = Base.lproj/LaunchScreen.storyboard; sourceTree = "<group>"; };
		6A1F0FC01DB07BFA003D2AE8 /* Info.plist */ = {isa = PBXFileReference; lastKnownFileType = text.plist.xml; path = Info.plist; sourceTree = "<group>"; };
		6A1F0FC51DB07BFA003D2AE8 /* ECLRSTests.xctest */ = {isa = PBXFileReference; explicitFileType = wrapper.cfbundle; includeInIndex = 0; path = ECLRSTests.xctest; sourceTree = BUILT_PRODUCTS_DIR; };
		6A1F0FC91DB07BFA003D2AE8 /* ECLRSTests.m */ = {isa = PBXFileReference; lastKnownFileType = sourcecode.c.objc; path = ECLRSTests.m; sourceTree = "<group>"; };
		6A1F0FCB1DB07BFA003D2AE8 /* Info.plist */ = {isa = PBXFileReference; lastKnownFileType = text.plist.xml; path = Info.plist; sourceTree = "<group>"; };
		6A1F0FD01DB07BFA003D2AE8 /* ECLRSUITests.xctest */ = {isa = PBXFileReference; explicitFileType = wrapper.cfbundle; includeInIndex = 0; path = ECLRSUITests.xctest; sourceTree = BUILT_PRODUCTS_DIR; };
		6A1F0FD41DB07BFA003D2AE8 /* ECLRSUITests.m */ = {isa = PBXFileReference; lastKnownFileType = sourcecode.c.objc; path = ECLRSUITests.m; sourceTree = "<group>"; };
		6A1F0FD61DB07BFA003D2AE8 /* Info.plist */ = {isa = PBXFileReference; lastKnownFileType = text.plist.xml; path = Info.plist; sourceTree = "<group>"; };
/* End PBXFileReference section */

/* Begin PBXFrameworksBuildPhase section */
		6A1F0FA91DB07BF9003D2AE8 /* Frameworks */ = {
			isa = PBXFrameworksBuildPhase;
			buildActionMask = 2147483647;
			files = (
			);
			runOnlyForDeploymentPostprocessing = 0;
		};
		6A1F0FC21DB07BFA003D2AE8 /* Frameworks */ = {
			isa = PBXFrameworksBuildPhase;
			buildActionMask = 2147483647;
			files = (
			);
			runOnlyForDeploymentPostprocessing = 0;
		};
		6A1F0FCD1DB07BFA003D2AE8 /* Frameworks */ = {
			isa = PBXFrameworksBuildPhase;
			buildActionMask = 2147483647;
			files = (
			);
			runOnlyForDeploymentPostprocessing = 0;
		};
/* End PBXFrameworksBuildPhase section */

/* Begin PBXGroup section */
		6A1F0FA31DB07BF9003D2AE8 = {
			isa = PBXGroup;
			children = (
				6A1F0FAE1DB07BF9003D2AE8 /* ECLRS */,
				6A1F0FC81DB07BFA003D2AE8 /* ECLRSTests */,
				6A1F0FD31DB07BFA003D2AE8 /* ECLRSUITests */,
				6A1F0FAD1DB07BF9003D2AE8 /* Products */,
			);
			sourceTree = "<group>";
		};
		6A1F0FAD1DB07BF9003D2AE8 /* Products */ = {
			isa = PBXGroup;
			children = (
				6A1F0FAC1DB07BF9003D2AE8 /* ECLRS.app */,
				6A1F0FC51DB07BFA003D2AE8 /* ECLRSTests.xctest */,
				6A1F0FD01DB07BFA003D2AE8 /* ECLRSUITests.xctest */,
			);
			name = Products;
			sourceTree = "<group>";
		};
		6A1F0FAE1DB07BF9003D2AE8 /* ECLRS */ = {
			isa = PBXGroup;
			children = (
				6A1F0FB21DB07BFA003D2AE8 /* AppDelegate.h */,
				6A1F0FB31DB07BFA003D2AE8 /* AppDelegate.m */,
				6A1F0FB51DB07BFA003D2AE8 /* ViewController.h */,
				6A1F0FB61DB07BFA003D2AE8 /* ViewController.m */,
				6A1F0FB81DB07BFA003D2AE8 /* Main.storyboard */,
				6A1F0FBB1DB07BFA003D2AE8 /* Assets.xcassets */,
				6A1F0FBD1DB07BFA003D2AE8 /* LaunchScreen.storyboard */,
				6A1F0FC01DB07BFA003D2AE8 /* Info.plist */,
				6A1F0FAF1DB07BF9003D2AE8 /* Supporting Files */,
			);
			path = ECLRS;
			sourceTree = "<group>";
		};
		6A1F0FAF1DB07BF9003D2AE8 /* Supporting Files */ = {
			isa = PBXGroup;
			children = (
				6A1F0FB01DB07BF9003D2AE8 /* main.m */,
			);
			name = "Supporting Files";
			sourceTree = "<group>";
		};
		6A1F0FC81DB07BFA003D2AE8 /* ECLRSTests */ = {
			isa = PBXGroup;
			children = (
				6A1F0FC91DB07BFA003D2AE8 /* ECLRSTests.m */,
				6A1F0FCB1DB07BFA003D2AE8 /* Info.plist */,
			);
			path = ECLRSTests;
			sourceTree = "<group>";
		};
		6A1F0FD31DB07BFA003D2AE8 /* ECLRSUITests */ = {
			isa = PBXGroup;
			children = (
				6A1F0FD41DB07BFA003D2AE8 /* ECLRSUITests.m */,
				6A1F0FD61DB07BFA003D2AE8 /* Info.plist */,
			);
			path = ECLRSUITests;
			sourceTree = "<group>";
		};
/* End PBXGroup section */

/* Begin PBXNativeTarget section */
		6A1F0FAB1DB07BF9003D2AE8 /* ECLRS */ = {
			isa = PBXNativeTarget;
			buildConfigurationList = 6A1F0FD91DB07BFA003D2AE8 /* Build configuration list for PBXNativeTarget "ECLRS" */;
			buildPhases = (
				6A1F0FA81DB07BF9003D2AE8 /* Sources */,
				6A1F0FA91DB07BF9003D2AE8 /* Frameworks */,
				6A1F0FAA1DB07BF9003D2AE8 /* Resources */,
			);
			buildRules = (
			);
			dependencies = (
			);
			name = ECLRS;
			productName = ECLRS;
			productReference = 6A1F0FAC1DB07BF9003D2AE8 /* ECLRS.app */;
			productType = "com.apple.product-type.application";
		};
		6A1F0FC41DB07BFA003D2AE8 /* ECLRSTests */ = {
			isa = PBXNativeTarget;
			buildConfigurationList = 6A1F0FDC1DB07BFA003D2AE8 /* Build configuration list for PBXNativeTarget "ECLRSTests" */;
			buildPhases = (
				6A1F0FC11DB07BFA003D2AE8 /* Sources */,
				6A1F0FC21DB07BFA003D2AE8 /* Frameworks */,
				6A1F0FC31DB07BFA003D2AE8 /* Resources */,
			);
			buildRules = (
			);
			dependencies = (
				6A1F0FC71DB07BFA003D2AE8 /* PBXTargetDependency */,
			);
			name = ECLRSTests;
			productName = ECLRSTests;
			productReference = 6A1F0FC51DB07BFA003D2AE8 /* ECLRSTests.xctest */;
			productType = "com.apple.product-type.bundle.unit-test";
		};
		6A1F0FCF1DB07BFA003D2AE8 /* ECLRSUITests */ = {
			isa = PBXNativeTarget;
			buildConfigurationList = 6A1F0FDF1DB07BFA003D2AE8 /* Build configuration list for PBXNativeTarget "ECLRSUITests" */;
			buildPhases = (
				6A1F0FCC1DB07BFA003D2AE8 /* Sources */,
				6A1F0FCD1DB07BFA003D2AE8 /* Frameworks */,
				6A1F0FCE1DB07BFA003D2AE8 /* Resources */,
			);
			buildRules = (
			);
			dependencies = (
				6A1F0FD21DB07BFA003D2AE8 /* PBXTargetDependency */,
			);
			name = ECLRSUITests;
			productName = ECLRSUITests;
			productReference = 6A1F0FD01DB07BFA003D2AE8 /* ECLRSUITests.xctest */;
			productType = "com.apple.product-type.bundle.ui-testing";
		};
/* End PBXNativeTarget section */

/* Begin PBXProject section */
		6A1F0FA41DB07BF9003D2AE8 /* Project object */ = {
			isa = PBXProject;
			attributes = {
				LastUpgradeCheck = 0800;
				ORGANIZATIONNAME = Gold;
				TargetAttributes = {
					6A1F0FAB1DB07BF9003D2AE8 = {
						CreatedOnToolsVersion = 8.0;
						ProvisioningStyle = Automatic;
					};
					6A1F0FC41DB07BFA003D2AE8 = {
						CreatedOnToolsVersion = 8.0;
						ProvisioningStyle = Automatic;
						TestTargetID = 6A1F0FAB1DB07BF9003D2AE8;
					};
					6A1F0FCF1DB07BFA003D2AE8 = {
						CreatedOnToolsVersion = 8.0;
						ProvisioningStyle = Automatic;
						TestTargetID = 6A1F0FAB1DB07BF9003D2AE8;
					};
				};
			};
			buildConfigurationList = 6A1F0FA71DB07BF9003D2AE8 /* Build configuration list for PBXProject "ECLRS" */;
			compatibilityVersion = "Xcode 3.2";
			developmentRegion = English;
			hasScannedForEncodings = 0;
			knownRegions = (
				en,
				Base,
			);
			mainGroup = 6A1F0FA31DB07BF9003D2AE8;
			productRefGroup = 6A1F0FAD1DB07BF9003D2AE8 /* Products */;
			projectDirPath = "";
			projectRoot = "";
			targets = (
				6A1F0FAB1DB07BF9003D2AE8 /* ECLRS */,
				6A1F0FC41DB07BFA003D2AE8 /* ECLRSTests */,
				6A1F0FCF1DB07BFA003D2AE8 /* ECLRSUITests */,
			);
		};
/* End PBXProject section */

/* Begin PBXResourcesBuildPhase section */
		6A1F0FAA1DB07BF9003D2AE8 /* Resources */ = {
			isa = PBXResourcesBuildPhase;
			buildActionMask = 2147483647;
			files = (
				6A1F0FBF1DB07BFA003D2AE8 /* LaunchScreen.storyboard in Resources */,
				6A1F0FBC1DB07BFA003D2AE8 /* Assets.xcassets in Resources */,
				6A1F0FBA1DB07BFA003D2AE8 /* Main.storyboard in Resources */,
			);
			runOnlyForDeploymentPostprocessing = 0;
		};
		6A1F0FC31DB07BFA003D2AE8 /* Resources */ = {
			isa = PBXResourcesBuildPhase;
			buildActionMask = 2147483647;
			files = (
			);
			runOnlyForDeploymentPostprocessing = 0;
		};
		6A1F0FCE1DB07BFA003D2AE8 /* Resources */ = {
			isa = PBXResourcesBuildPhase;
			buildActionMask = 2147483647;
			files = (
			);
			runOnlyForDeploymentPostprocessing = 0;
		};
/* End PBXResourcesBuildPhase section */

/* Begin PBXSourcesBuildPhase section */
		6A1F0FA81DB07BF9003D2AE8 /* Sources */ = {
			isa = PBXSourcesBuildPhase;
			buildActionMask = 2147483647;
			files = (
				6A1F0FB71DB07BFA003D2AE8 /* ViewController.m in Sources */,
				6A1F0FB41DB07BFA003D2AE8 /* AppDelegate.m in Sources */,
				6A1F0FB11DB07BF9003D2AE8 /* main.m in Sources */,
			);
			runOnlyForDeploymentPostprocessing = 0;
		};
		6A1F0FC11DB07BFA003D2AE8 /* Sources */ = {
			isa = PBXSourcesBuildPhase;
			buildActionMask = 2147483647;
			files = (
				6A1F0FCA1DB07BFA003D2AE8 /* ECLRSTests.m in Sources */,
			);
			runOnlyForDeploymentPostprocessing = 0;
		};
		6A1F0FCC1DB07BFA003D2AE8 /* Sources */ = {
			isa = PBXSourcesBuildPhase;
			buildActionMask = 2147483647;
			files = (
				6A1F0FD51DB07BFA003D2AE8 /* ECLRSUITests.m in Sources */,
			);
			runOnlyForDeploymentPostprocessing = 0;
		};
/* End PBXSourcesBuildPhase section */

/* Begin PBXTargetDependency section */
		6A1F0FC71DB07BFA003D2AE8 /* PBXTargetDependency */ = {
			isa = PBXTargetDependency;
			target = 6A1F0FAB1DB07BF9003D2AE8 /* ECLRS */;
			targetProxy = 6A1F0FC61DB07BFA003D2AE8 /* PBXContainerItemProxy */;
		};
		6A1F0FD21DB07BFA003D2AE8 /* PBXTargetDependency */ = {
			isa = PBXTargetDependency;
			target = 6A1F0FAB1DB07BF9003D2AE8 /* ECLRS */;
			targetProxy = 6A1F0FD11DB07BFA003D2AE8 /* PBXContainerItemProxy */;
		};
/* End PBXTargetDependency section */

/* Begin PBXVariantGroup section */
		6A1F0FB81DB07BFA003D2AE8 /* Main.storyboard */ = {
			isa = PBXVariantGroup;
			children = (
				6A1F0FB91DB07BFA003D2AE8 /* Base */,
			);
			name = Main.storyboard;
			sourceTree = "<group>";
		};
		6A1F0FBD1DB07BFA003D2AE8 /* LaunchScreen.storyboard */ = {
			isa = PBXVariantGroup;
			children = (
				6A1F0FBE1DB07BFA003D2AE8 /* Base */,
			);
			name = LaunchScreen.storyboard;
			sourceTree = "<group>";
		};
/* End PBXVariantGroup section */

/* Begin XCBuildConfiguration section */
		6A1F0FD71DB07BFA003D2AE8 /* Debug */ = {
			isa = XCBuildConfiguration;
			buildSettings = {
				ALWAYS_SEARCH_USER_PATHS = NO;
				CLANG_ANALYZER_NONNULL = YES;
				CLANG_CXX_LANGUAGE_STANDARD = "gnu++0x";
				CLANG_CXX_LIBRARY = "libc++";
				CLANG_ENABLE_MODULES = YES;
				CLANG_ENABLE_OBJC_ARC = YES;
				CLANG_WARN_BOOL_CONVERSION = YES;
				CLANG_WARN_CONSTANT_CONVERSION = YES;
				CLANG_WARN_DIRECT_OBJC_ISA_USAGE = YES_ERROR;
				CLANG_WARN_DOCUMENTATION_COMMENTS = YES;
				CLANG_WARN_EMPTY_BODY = YES;
				CLANG_WARN_ENUM_CONVERSION = YES;
				CLANG_WARN_INFINITE_RECURSION = YES;
				CLANG_WARN_INT_CONVERSION = YES;
				CLANG_WARN_OBJC_ROOT_CLASS = YES_ERROR;
				CLANG_WARN_SUSPICIOUS_MOVES = YES;
				CLANG_WARN_UNREACHABLE_CODE = YES;
				CLANG_WARN__DUPLICATE_METHOD_MATCH = YES;
				"CODE_SIGN_IDENTITY[sdk=iphoneos*]" = "iPhone Developer";
				COPY_PHASE_STRIP = NO;
				DEBUG_INFORMATION_FORMAT = dwarf;
				ENABLE_STRICT_OBJC_MSGSEND = YES;
				ENABLE_TESTABILITY = YES;
				GCC_C_LANGUAGE_STANDARD = gnu99;
				GCC_DYNAMIC_NO_PIC = NO;
				GCC_NO_COMMON_BLOCKS = YES;
				GCC_OPTIMIZATION_LEVEL = 0;
				GCC_PREPROCESSOR_DEFINITIONS = (
					"DEBUG=1",
					"$(inherited)",
				);
				GCC_WARN_64_TO_32_BIT_CONVERSION = YES;
				GCC_WARN_ABOUT_RETURN_TYPE = YES_ERROR;
				GCC_WARN_UNDECLARED_SELECTOR = YES;
				GCC_WARN_UNINITIALIZED_AUTOS = YES_AGGRESSIVE;
				GCC_WARN_UNUSED_FUNCTION = YES;
				GCC_WARN_UNUSED_VARIABLE = YES;
				IPHONEOS_DEPLOYMENT_TARGET = 10.0;
				MTL_ENABLE_DEBUG_INFO = YES;
				ONLY_ACTIVE_ARCH = YES;
				SDKROOT = iphoneos;
				TARGETED_DEVICE_FAMILY = "1,2";
			};
			name = Debug;
		};
		6A1F0FD81DB07BFA003D2AE8 /* Release */ = {
			isa = XCBuildConfiguration;
			buildSettings = {
				ALWAYS_SEARCH_USER_PATHS = NO;
				CLANG_ANALYZER_NONNULL = YES;
				CLANG_CXX_LANGUAGE_STANDARD = "gnu++0x";
				CLANG_CXX_LIBRARY = "libc++";
				CLANG_ENABLE_MODULES = YES;
				CLANG_ENABLE_OBJC_ARC = YES;
				CLANG_WARN_BOOL_CONVERSION = YES;
				CLANG_WARN_CONSTANT_CONVERSION = YES;
				CLANG_WARN_DIRECT_OBJC_ISA_USAGE = YES_ERROR;
				CLANG_WARN_DOCUMENTATION_COMMENTS = YES;
				CLANG_WARN_EMPTY_BODY = YES;
				CLANG_WARN_ENUM_CONVERSION = YES;
				CLANG_WARN_INFINITE_RECURSION = YES;
				CLANG_WARN_INT_CONVERSION = YES;
				CLANG_WARN_OBJC_ROOT_CLASS = YES_ERROR;
				CLANG_WARN_SUSPICIOUS_MOVES = YES;
				CLANG_WARN_UNREACHABLE_CODE = YES;
				CLANG_WARN__DUPLICATE_METHOD_MATCH = YES;
				"CODE_SIGN_IDENTITY[sdk=iphoneos*]" = "iPhone Developer";
				COPY_PHASE_STRIP = NO;
				DEBUG_INFORMATION_FORMAT = "dwarf-with-dsym";
				ENABLE_NS_ASSERTIONS = NO;
				ENABLE_STRICT_OBJC_MSGSEND = YES;
				GCC_C_LANGUAGE_STANDARD = gnu99;
				GCC_NO_COMMON_BLOCKS = YES;
				GCC_WARN_64_TO_32_BIT_CONVERSION = YES;
				GCC_WARN_ABOUT_RETURN_TYPE = YES_ERROR;
				GCC_WARN_UNDECLARED_SELECTOR = YES;
				GCC_WARN_UNINITIALIZED_AUTOS = YES_AGGRESSIVE;
				GCC_WARN_UNUSED_FUNCTION = YES;
				GCC_WARN_UNUSED_VARIABLE = YES;
				IPHONEOS_DEPLOYMENT_TARGET = 10.0;
				MTL_ENABLE_DEBUG_INFO = NO;
				SDKROOT = iphoneos;
				TARGETED_DEVICE_FAMILY = "1,2";
				VALIDATE_PRODUCT = YES;
			};
			name = Release;
		};
		6A1F0FDA1DB07BFA003D2AE8 /* Debug */ = {
			isa = XCBuildConfiguration;
			buildSettings = {
				ASSETCATALOG_COMPILER_APPICON_NAME = AppIcon;
				INFOPLIST_FILE = ECLRS/Info.plist;
				LD_RUNPATH_SEARCH_PATHS = "$(inherited) @executable_path/Frameworks";
				PRODUCT_BUNDLE_IDENTIFIER = com.Bill.ECLRS;
				PRODUCT_NAME = "$(TARGET_NAME)";
			};
			name = Debug;
		};
		6A1F0FDB1DB07BFA003D2AE8 /* Release */ = {
			isa = XCBuildConfiguration;
			buildSettings = {
				ASSETCATALOG_COMPILER_APPICON_NAME = AppIcon;
				INFOPLIST_FILE = ECLRS/Info.plist;
				LD_RUNPATH_SEARCH_PATHS = "$(inherited) @executable_path/Frameworks";
				PRODUCT_BUNDLE_IDENTIFIER = com.Bill.ECLRS;
				PRODUCT_NAME = "$(TARGET_NAME)";
			};
			name = Release;
		};
		6A1F0FDD1DB07BFA003D2AE8 /* Debug */ = {
			isa = XCBuildConfiguration;
			buildSettings = {
				BUNDLE_LOADER = "$(TEST_HOST)";
				INFOPLIST_FILE = ECLRSTests/Info.plist;
				LD_RUNPATH_SEARCH_PATHS = "$(inherited) @executable_path/Frameworks @loader_path/Frameworks";
				PRODUCT_BUNDLE_IDENTIFIER = com.Bill.ECLRSTests;
				PRODUCT_NAME = "$(TARGET_NAME)";
				TEST_HOST = "$(BUILT_PRODUCTS_DIR)/ECLRS.app/ECLRS";
			};
			name = Debug;
		};
		6A1F0FDE1DB07BFA003D2AE8 /* Release */ = {
			isa = XCBuildConfiguration;
			buildSettings = {
				BUNDLE_LOADER = "$(TEST_HOST)";
				INFOPLIST_FILE = ECLRSTests/Info.plist;
				LD_RUNPATH_SEARCH_PATHS = "$(inherited) @executable_path/Frameworks @loader_path/Frameworks";
				PRODUCT_BUNDLE_IDENTIFIER = com.Bill.ECLRSTests;
				PRODUCT_NAME = "$(TARGET_NAME)";
				TEST_HOST = "$(BUILT_PRODUCTS_DIR)/ECLRS.app/ECLRS";
			};
			name = Release;
		};
		6A1F0FE01DB07BFA003D2AE8 /* Debug */ = {
			isa = XCBuildConfiguration;
			buildSettings = {
				INFOPLIST_FILE = ECLRSUITests/Info.plist;
				LD_RUNPATH_SEARCH_PATHS = "$(inherited) @executable_path/Frameworks @loader_path/Frameworks";
				PRODUCT_BUNDLE_IDENTIFIER = com.Bill.ECLRSUITests;
				PRODUCT_NAME = "$(TARGET_NAME)";
				TEST_TARGET_NAME = ECLRS;
			};
			name = Debug;
		};
		6A1F0FE11DB07BFA003D2AE8 /* Release */ = {
			isa = XCBuildConfiguration;
			buildSettings = {
				INFOPLIST_FILE = ECLRSUITests/Info.plist;
				LD_RUNPATH_SEARCH_PATHS = "$(inherited) @executable_path/Frameworks @loader_path/Frameworks";
				PRODUCT_BUNDLE_IDENTIFIER = com.Bill.ECLRSUITests;
				PRODUCT_NAME = "$(TARGET_NAME)";
				TEST_TARGET_NAME = ECLRS;
			};
			name = Release;
		};
/* End XCBuildConfiguration section */

/* Begin XCConfigurationList section */
		6A1F0FA71DB07BF9003D2AE8 /* Build configuration list for PBXProject "ECLRS" */ = {
			isa = XCConfigurationList;
			buildConfigurations = (
				6A1F0FD71DB07BFA003D2AE8 /* Debug */,
				6A1F0FD81DB07BFA003D2AE8 /* Release */,
			);
			defaultConfigurationIsVisible = 0;
			defaultConfigurationName = Release;
		};
		6A1F0FD91DB07BFA003D2AE8 /* Build configuration list for PBXNativeTarget "ECLRS" */ = {
			isa = XCConfigurationList;
			buildConfigurations = (
				6A1F0FDA1DB07BFA003D2AE8 /* Debug */,
				6A1F0FDB1DB07BFA003D2AE8 /* Release */,
			);
			defaultConfigurationIsVisible = 0;
		};
		6A1F0FDC1DB07BFA003D2AE8 /* Build configuration list for PBXNativeTarget "ECLRSTests" */ = {
			isa = XCConfigurationList;
			buildConfigurations = (
				6A1F0FDD1DB07BFA003D2AE8 /* Debug */,
				6A1F0FDE1DB07BFA003D2AE8 /* Release */,
			);
			defaultConfigurationIsVisible = 0;
		};
		6A1F0FDF1DB07BFA003D2AE8 /* Build configuration list for PBXNativeTarget "ECLRSUITests" */ = {
			isa = XCConfigurationList;
			buildConfigurations = (
				6A1F0FE01DB07BFA003D2AE8 /* Debug */,
				6A1F0FE11DB07BFA003D2AE8 /* Release */,
			);
			defaultConfigurationIsVisible = 0;
		};
/* End XCConfigurationList section */
	};
	rootObject = 6A1F0FA41DB07BF9003D2AE8 /* Project object */;
}
